
Microsoft Visual Studio Solution File, Format Version 12.00
# Visual Studio Version 17
VisualStudioVersion = 17.10.34916.146
MinimumVisualStudioVersion = 10.0.40219.1
Project("{FAE04EC0-301F-11D3-BF4B-00C04F79EFBC}") = "WebApplication1", "WebApplication1\WebApplication1.csproj", "{99F9B6D7-8A1B-4F66-AEBA-0D4941840D79}"
EndProject
Global
	GlobalSection(SolutionConfigurationPlatforms) = preSolution
		Debug|Any CPU = Debug|Any CPU
		Release|Any CPU = Release|Any CPU
	EndGlobalSection
	GlobalSection(ProjectConfigurationPlatforms) = postSolution
		{99F9B6D7-8A1B-4F66-AEBA-0D4941840D79}.Debug|Any CPU.ActiveCfg = Debug|Any CPU
		{99F9B6D7-8A1B-4F66-AEBA-0D4941840D79}.Debug|Any CPU.Build.0 = Debug|Any CPU
		{99F9B6D7-8A1B-4F66-AEBA-0D4941840D79}.Release|Any CPU.ActiveCfg = Release|Any CPU
		{99F9B6D7-8A1B-4F66-AEBA-0D4941840D79}.Release|Any CPU.Build.0 = Release|Any CPU
	EndGlobalSection
	GlobalSection(SolutionProperties) = preSolution
		HideSolutionNode = FALSE
	EndGlobalSection
	GlobalSection(ExtensibilityGlobals) = postSolution
		SolutionGuid = {C4222881-8AB5-4253-BB4B-3F2A45C25F74}
	EndGlobalSection
EndGlobal
